
Microsoft Visual Studio Solution File, Format Version 12.00
# Visual Studio Version 16
VisualStudioVersion = 16.0.29806.167
MinimumVisualStudioVersion = 10.0.40219.1
Project("{8BC9CEB8-8B4A-11D0-8D11-00A0C91BC942}") = "UDPSrv", "UDPSrv.vcxproj", "{7D34E531-3EF2-4D95-B56D-10634D2B776E}"
EndProject
Global
	GlobalSection(SolutionConfigurationPlatforms) = preSolution
		Debug|x64 = Debug|x64
		Debug|x86 = Debug|x86
		Release|x64 = Release|x64
		Release|x86 = Release|x86
	EndGlobalSection
	GlobalSection(ProjectConfigurationPlatforms) = postSolution
		{7D34E531-3EF2-4D95-B56D-10634D2B776E}.Debug|x64.ActiveCfg = Debug|x64
		{7D34E531-3EF2-4D95-B56D-10634D2B776E}.Debug|x64.Build.0 = Debug|x64
		{7D34E531-3EF2-4D95-B56D-10634D2B776E}.Debug|x86.ActiveCfg = Debug|Win32
		{7D34E531-3EF2-4D95-B56D-10634D2B776E}.Debug|x86.Build.0 = Debug|Win32
		{7D34E531-3EF2-4D95-B56D-10634D2B776E}.Release|x64.ActiveCfg = Release|x64
		{7D34E531-3EF2-4D95-B56D-10634D2B776E}.Release|x64.Build.0 = Release|x64
		{7D34E531-3EF2-4D95-B56D-10634D2B776E}.Release|x86.ActiveCfg = Release|Win32
		{7D34E531-3EF2-4D95-B56D-10634D2B776E}.Release|x86.Build.0 = Release|Win32
	EndGlobalSection
	GlobalSection(SolutionProperties) = preSolution
		HideSolutionNode = FALSE
	EndGlobalSection
	GlobalSection(ExtensibilityGlobals) = postSolution
		SolutionGuid = {A4410E40-C412-4CA3-8B96-2839FD3B930F}
	EndGlobalSection
EndGlobal
